
Microsoft Visual Studio Solution File, Format Version 12.00
# Visual Studio 2012
Project("{FAE04EC0-301F-11D3-BF4B-00C04F79EFBC}") = "Deepglint.DeepglintAlpha.Demo.MapControlDemo", "Deepglint.DeepglintAlpha.Demo.MapControlDemo\Deepglint.DeepglintAlpha.Demo.MapControlDemo.csproj", "{12B5C1D5-36A0-4336-A768-0BF7B79BAACF}"
EndProject
Global
	GlobalSection(SolutionConfigurationPlatforms) = preSolution
		Debug|Any CPU = Debug|Any CPU
		Release|Any CPU = Release|Any CPU
	EndGlobalSection
	GlobalSection(ProjectConfigurationPlatforms) = postSolution
		{12B5C1D5-36A0-4336-A768-0BF7B79BAACF}.Debug|Any CPU.ActiveCfg = Debug|Any CPU
		{12B5C1D5-36A0-4336-A768-0BF7B79BAACF}.Debug|Any CPU.Build.0 = Debug|Any CPU
		{12B5C1D5-36A0-4336-A768-0BF7B79BAACF}.Release|Any CPU.ActiveCfg = Release|Any CPU
		{12B5C1D5-36A0-4336-A768-0BF7B79BAACF}.Release|Any CPU.Build.0 = Release|Any CPU
	EndGlobalSection
	GlobalSection(SolutionProperties) = preSolution
		HideSolutionNode = FALSE
	EndGlobalSection
EndGlobal
