
Microsoft Visual Studio Solution File, Format Version 12.00
# Visual Studio 2012
Project("{FAE04EC0-301F-11D3-BF4B-00C04F79EFBC}") = "Deepglint.DeepglintAlpah.Demo.PathDemo", "Deepglint.DeepglintAlpah.Demo.PathDemo\Deepglint.DeepglintAlpah.Demo.PathDemo.csproj", "{35F666C4-3D1A-46F5-9D17-8904AD8D8C2A}"
EndProject
Global
	GlobalSection(SolutionConfigurationPlatforms) = preSolution
		Debug|Any CPU = Debug|Any CPU
		Release|Any CPU = Release|Any CPU
	EndGlobalSection
	GlobalSection(ProjectConfigurationPlatforms) = postSolution
		{35F666C4-3D1A-46F5-9D17-8904AD8D8C2A}.Debug|Any CPU.ActiveCfg = Debug|Any CPU
		{35F666C4-3D1A-46F5-9D17-8904AD8D8C2A}.Debug|Any CPU.Build.0 = Debug|Any CPU
		{35F666C4-3D1A-46F5-9D17-8904AD8D8C2A}.Release|Any CPU.ActiveCfg = Release|Any CPU
		{35F666C4-3D1A-46F5-9D17-8904AD8D8C2A}.Release|Any CPU.Build.0 = Release|Any CPU
	EndGlobalSection
	GlobalSection(SolutionProperties) = preSolution
		HideSolutionNode = FALSE
	EndGlobalSection
EndGlobal
