
Microsoft Visual Studio Solution File, Format Version 12.00
# Visual Studio 2012
Project("{FAE04EC0-301F-11D3-BF4B-00C04F79EFBC}") = "Deepglint.DeepglintAlpha.BaseView.MapControlView", "Deepglint.DeepglintAlpha.BaseView.MapControlView\Deepglint.DeepglintAlpha.BaseView.MapControlView.csproj", "{4EEC6D00-0DAE-434A-895A-96DB905E5CC3}"
EndProject
Global
	GlobalSection(SolutionConfigurationPlatforms) = preSolution
		Debug|Any CPU = Debug|Any CPU
		Release|Any CPU = Release|Any CPU
	EndGlobalSection
	GlobalSection(ProjectConfigurationPlatforms) = postSolution
		{4EEC6D00-0DAE-434A-895A-96DB905E5CC3}.Debug|Any CPU.ActiveCfg = Debug|Any CPU
		{4EEC6D00-0DAE-434A-895A-96DB905E5CC3}.Debug|Any CPU.Build.0 = Debug|Any CPU
		{4EEC6D00-0DAE-434A-895A-96DB905E5CC3}.Release|Any CPU.ActiveCfg = Release|Any CPU
		{4EEC6D00-0DAE-434A-895A-96DB905E5CC3}.Release|Any CPU.Build.0 = Release|Any CPU
	EndGlobalSection
	GlobalSection(SolutionProperties) = preSolution
		HideSolutionNode = FALSE
	EndGlobalSection
EndGlobal
